
Microsoft Visual Studio Solution File, Format Version 12.00
# Visual Studio 15
VisualStudioVersion = 15.0.27703.2042
MinimumVisualStudioVersion = 10.0.40219.1
Project("{FAE04EC0-301F-11D3-BF4B-00C04F79EFBC}") = "App1.Android", "App1\App1.Android\App1.Android.csproj", "{C456C5AE-3957-487E-AF44-EA3DC8CE842C}"
EndProject
Project("{FAE04EC0-301F-11D3-BF4B-00C04F79EFBC}") = "App1.iOS", "App1\App1.iOS\App1.iOS.csproj", "{E91E53B8-A083-409D-8E44-D8516B45C089}"
EndProject
Project("{FAE04EC0-301F-11D3-BF4B-00C04F79EFBC}") = "App1", "App1\App1\App1.csproj", "{409D36A1-A4CD-4328-89C8-1C6F46FFCB09}"
EndProject
Global
	GlobalSection(SolutionConfigurationPlatforms) = preSolution
		Ad-Hoc|Any CPU = Ad-Hoc|Any CPU
		Ad-Hoc|iPhone = Ad-Hoc|iPhone
		Ad-Hoc|iPhoneSimulator = Ad-Hoc|iPhoneSimulator
		AppStore|Any CPU = AppStore|Any CPU
		AppStore|iPhone = AppStore|iPhone
		AppStore|iPhoneSimulator = AppStore|iPhoneSimulator
		Debug|Any CPU = Debug|Any CPU
		Debug|iPhone = Debug|iPhone
		Debug|iPhoneSimulator = Debug|iPhoneSimulator
		Release|Any CPU = Release|Any CPU
		Release|iPhone = Release|iPhone
		Release|iPhoneSimulator = Release|iPhoneSimulator
	EndGlobalSection
	GlobalSection(ProjectConfigurationPlatforms) = postSolution
		{C456C5AE-3957-487E-AF44-EA3DC8CE842C}.Ad-Hoc|Any CPU.ActiveCfg = Release|Any CPU
		{C456C5AE-3957-487E-AF44-EA3DC8CE842C}.Ad-Hoc|Any CPU.Build.0 = Release|Any CPU
		{C456C5AE-3957-487E-AF44-EA3DC8CE842C}.Ad-Hoc|Any CPU.Deploy.0 = Release|Any CPU
		{C456C5AE-3957-487E-AF44-EA3DC8CE842C}.Ad-Hoc|iPhone.ActiveCfg = Release|Any CPU
		{C456C5AE-3957-487E-AF44-EA3DC8CE842C}.Ad-Hoc|iPhone.Build.0 = Release|Any CPU
		{C456C5AE-3957-487E-AF44-EA3DC8CE842C}.Ad-Hoc|iPhone.Deploy.0 = Release|Any CPU
		{C456C5AE-3957-487E-AF44-EA3DC8CE842C}.Ad-Hoc|iPhoneSimulator.ActiveCfg = Release|Any CPU
		{C456C5AE-3957-487E-AF44-EA3DC8CE842C}.Ad-Hoc|iPhoneSimulator.Build.0 = Release|Any CPU
		{C456C5AE-3957-487E-AF44-EA3DC8CE842C}.Ad-Hoc|iPhoneSimulator.Deploy.0 = Release|Any CPU
		{C456C5AE-3957-487E-AF44-EA3DC8CE842C}.AppStore|Any CPU.ActiveCfg = Release|Any CPU
		{C456C5AE-3957-487E-AF44-EA3DC8CE842C}.AppStore|Any CPU.Build.0 = Release|Any CPU
		{C456C5AE-3957-487E-AF44-EA3DC8CE842C}.AppStore|Any CPU.Deploy.0 = Release|Any CPU
		{C456C5AE-3957-487E-AF44-EA3DC8CE842C}.AppStore|iPhone.ActiveCfg = Release|Any CPU
		{C456C5AE-3957-487E-AF44-EA3DC8CE842C}.AppStore|iPhone.Build.0 = Release|Any CPU
		{C456C5AE-3957-487E-AF44-EA3DC8CE842C}.AppStore|iPhone.Deploy.0 = Release|Any CPU
		{C456C5AE-3957-487E-AF44-EA3DC8CE842C}.AppStore|iPhoneSimulator.ActiveCfg = Release|Any CPU
		{C456C5AE-3957-487E-AF44-EA3DC8CE842C}.AppStore|iPhoneSimulator.Build.0 = Release|Any CPU
		{C456C5AE-3957-487E-AF44-EA3DC8CE842C}.AppStore|iPhoneSimulator.Deploy.0 = Release|Any CPU
		{C456C5AE-3957-487E-AF44-EA3DC8CE842C}.Debug|Any CPU.ActiveCfg = Debug|Any CPU
		{C456C5AE-3957-487E-AF44-EA3DC8CE842C}.Debug|Any CPU.Build.0 = Debug|Any CPU
		{C456C5AE-3957-487E-AF44-EA3DC8CE842C}.Debug|Any CPU.Deploy.0 = Debug|Any CPU
		{C456C5AE-3957-487E-AF44-EA3DC8CE842C}.Debug|iPhone.ActiveCfg = Debug|Any CPU
		{C456C5AE-3957-487E-AF44-EA3DC8CE842C}.Debug|iPhone.Build.0 = Debug|Any CPU
		{C456C5AE-3957-487E-AF44-EA3DC8CE842C}.Debug|iPhone.Deploy.0 = Debug|Any CPU
		{C456C5AE-3957-487E-AF44-EA3DC8CE842C}.Debug|iPhoneSimulator.ActiveCfg = Debug|Any CPU
		{C456C5AE-3957-487E-AF44-EA3DC8CE842C}.Debug|iPhoneSimulator.Build.0 = Debug|Any CPU
		{C456C5AE-3957-487E-AF44-EA3DC8CE842C}.Debug|iPhoneSimulator.Deploy.0 = Debug|Any CPU
		{C456C5AE-3957-487E-AF44-EA3DC8CE842C}.Release|Any CPU.ActiveCfg = Release|Any CPU
		{C456C5AE-3957-487E-AF44-EA3DC8CE842C}.Release|Any CPU.Build.0 = Release|Any CPU
		{C456C5AE-3957-487E-AF44-EA3DC8CE842C}.Release|Any CPU.Deploy.0 = Release|Any CPU
		{C456C5AE-3957-487E-AF44-EA3DC8CE842C}.Release|iPhone.ActiveCfg = Release|Any CPU
		{C456C5AE-3957-487E-AF44-EA3DC8CE842C}.Release|iPhone.Build.0 = Release|Any CPU
		{C456C5AE-3957-487E-AF44-EA3DC8CE842C}.Release|iPhone.Deploy.0 = Release|Any CPU
		{C456C5AE-3957-487E-AF44-EA3DC8CE842C}.Release|iPhoneSimulator.ActiveCfg = Release|Any CPU
		{C456C5AE-3957-487E-AF44-EA3DC8CE842C}.Release|iPhoneSimulator.Build.0 = Release|Any CPU
		{C456C5AE-3957-487E-AF44-EA3DC8CE842C}.Release|iPhoneSimulator.Deploy.0 = Release|Any CPU
		{E91E53B8-A083-409D-8E44-D8516B45C089}.Ad-Hoc|Any CPU.ActiveCfg = Ad-Hoc|iPhone
		{E91E53B8-A083-409D-8E44-D8516B45C089}.Ad-Hoc|Any CPU.Build.0 = Ad-Hoc|iPhone
		{E91E53B8-A083-409D-8E44-D8516B45C089}.Ad-Hoc|Any CPU.Deploy.0 = Ad-Hoc|iPhone
		{E91E53B8-A083-409D-8E44-D8516B45C089}.Ad-Hoc|iPhone.ActiveCfg = Ad-Hoc|iPhone
		{E91E53B8-A083-409D-8E44-D8516B45C089}.Ad-Hoc|iPhone.Build.0 = Ad-Hoc|iPhone
		{E91E53B8-A083-409D-8E44-D8516B45C089}.Ad-Hoc|iPhone.Deploy.0 = Ad-Hoc|iPhone
		{E91E53B8-A083-409D-8E44-D8516B45C089}.Ad-Hoc|iPhoneSimulator.ActiveCfg = Ad-Hoc|iPhoneSimulator
		{E91E53B8-A083-409D-8E44-D8516B45C089}.Ad-Hoc|iPhoneSimulator.Build.0 = Ad-Hoc|iPhoneSimulator
		{E91E53B8-A083-409D-8E44-D8516B45C089}.Ad-Hoc|iPhoneSimulator.Deploy.0 = Ad-Hoc|iPhoneSimulator
		{E91E53B8-A083-409D-8E44-D8516B45C089}.AppStore|Any CPU.ActiveCfg = AppStore|iPhone
		{E91E53B8-A083-409D-8E44-D8516B45C089}.AppStore|Any CPU.Build.0 = AppStore|iPhone
		{E91E53B8-A083-409D-8E44-D8516B45C089}.AppStore|Any CPU.Deploy.0 = AppStore|iPhone
		{E91E53B8-A083-409D-8E44-D8516B45C089}.AppStore|iPhone.ActiveCfg = AppStore|iPhone
		{E91E53B8-A083-409D-8E44-D8516B45C089}.AppStore|iPhone.Build.0 = AppStore|iPhone
		{E91E53B8-A083-409D-8E44-D8516B45C089}.AppStore|iPhone.Deploy.0 = AppStore|iPhone
		{E91E53B8-A083-409D-8E44-D8516B45C089}.AppStore|iPhoneSimulator.ActiveCfg = AppStore|iPhoneSimulator
		{E91E53B8-A083-409D-8E44-D8516B45C089}.AppStore|iPhoneSimulator.Build.0 = AppStore|iPhoneSimulator
		{E91E53B8-A083-409D-8E44-D8516B45C089}.AppStore|iPhoneSimulator.Deploy.0 = AppStore|iPhoneSimulator
		{E91E53B8-A083-409D-8E44-D8516B45C089}.Debug|Any CPU.ActiveCfg = Debug|iPhoneSimulator
		{E91E53B8-A083-409D-8E44-D8516B45C089}.Debug|Any CPU.Build.0 = Debug|iPhoneSimulator
		{E91E53B8-A083-409D-8E44-D8516B45C089}.Debug|Any CPU.Deploy.0 = Debug|iPhoneSimulator
		{E91E53B8-A083-409D-8E44-D8516B45C089}.Debug|iPhone.ActiveCfg = Debug|iPhone
		{E91E53B8-A083-409D-8E44-D8516B45C089}.Debug|iPhone.Build.0 = Debug|iPhone
		{E91E53B8-A083-409D-8E44-D8516B45C089}.Debug|iPhone.Deploy.0 = Debug|iPhone
		{E91E53B8-A083-409D-8E44-D8516B45C089}.Debug|iPhoneSimulator.ActiveCfg = Debug|iPhoneSimulator
		{E91E53B8-A083-409D-8E44-D8516B45C089}.Debug|iPhoneSimulator.Build.0 = Debug|iPhoneSimulator
		{E91E53B8-A083-409D-8E44-D8516B45C089}.Debug|iPhoneSimulator.Deploy.0 = Debug|iPhoneSimulator
		{E91E53B8-A083-409D-8E44-D8516B45C089}.Release|Any CPU.ActiveCfg = Release|iPhone
		{E91E53B8-A083-409D-8E44-D8516B45C089}.Release|Any CPU.Build.0 = Release|iPhone
		{E91E53B8-A083-409D-8E44-D8516B45C089}.Release|Any CPU.Deploy.0 = Release|iPhone
		{E91E53B8-A083-409D-8E44-D8516B45C089}.Release|iPhone.ActiveCfg = Release|iPhone
		{E91E53B8-A083-409D-8E44-D8516B45C089}.Release|iPhone.Build.0 = Release|iPhone
		{E91E53B8-A083-409D-8E44-D8516B45C089}.Release|iPhone.Deploy.0 = Release|iPhone
		{E91E53B8-A083-409D-8E44-D8516B45C089}.Release|iPhoneSimulator.ActiveCfg = Release|iPhoneSimulator
		{E91E53B8-A083-409D-8E44-D8516B45C089}.Release|iPhoneSimulator.Build.0 = Release|iPhoneSimulator
		{E91E53B8-A083-409D-8E44-D8516B45C089}.Release|iPhoneSimulator.Deploy.0 = Release|iPhoneSimulator
		{409D36A1-A4CD-4328-89C8-1C6F46FFCB09}.Ad-Hoc|Any CPU.ActiveCfg = Debug|Any CPU
		{409D36A1-A4CD-4328-89C8-1C6F46FFCB09}.Ad-Hoc|Any CPU.Build.0 = Debug|Any CPU
		{409D36A1-A4CD-4328-89C8-1C6F46FFCB09}.Ad-Hoc|Any CPU.Deploy.0 = Debug|Any CPU
		{409D36A1-A4CD-4328-89C8-1C6F46FFCB09}.Ad-Hoc|iPhone.ActiveCfg = Debug|Any CPU
		{409D36A1-A4CD-4328-89C8-1C6F46FFCB09}.Ad-Hoc|iPhone.Build.0 = Debug|Any CPU
		{409D36A1-A4CD-4328-89C8-1C6F46FFCB09}.Ad-Hoc|iPhone.Deploy.0 = Debug|Any CPU
		{409D36A1-A4CD-4328-89C8-1C6F46FFCB09}.Ad-Hoc|iPhoneSimulator.ActiveCfg = Debug|Any CPU
		{409D36A1-A4CD-4328-89C8-1C6F46FFCB09}.Ad-Hoc|iPhoneSimulator.Build.0 = Debug|Any CPU
		{409D36A1-A4CD-4328-89C8-1C6F46FFCB09}.Ad-Hoc|iPhoneSimulator.Deploy.0 = Debug|Any CPU
		{409D36A1-A4CD-4328-89C8-1C6F46FFCB09}.AppStore|Any CPU.ActiveCfg = Debug|Any CPU
		{409D36A1-A4CD-4328-89C8-1C6F46FFCB09}.AppStore|Any CPU.Build.0 = Debug|Any CPU
		{409D36A1-A4CD-4328-89C8-1C6F46FFCB09}.AppStore|Any CPU.Deploy.0 = Debug|Any CPU
		{409D36A1-A4CD-4328-89C8-1C6F46FFCB09}.AppStore|iPhone.ActiveCfg = Debug|Any CPU
		{409D36A1-A4CD-4328-89C8-1C6F46FFCB09}.AppStore|iPhone.Build.0 = Debug|Any CPU
		{409D36A1-A4CD-4328-89C8-1C6F46FFCB09}.AppStore|iPhone.Deploy.0 = Debug|Any CPU
		{409D36A1-A4CD-4328-89C8-1C6F46FFCB09}.AppStore|iPhoneSimulator.ActiveCfg = Debug|Any CPU
		{409D36A1-A4CD-4328-89C8-1C6F46FFCB09}.AppStore|iPhoneSimulator.Build.0 = Debug|Any CPU
		{409D36A1-A4CD-4328-89C8-1C6F46FFCB09}.AppStore|iPhoneSimulator.Deploy.0 = Debug|Any CPU
		{409D36A1-A4CD-4328-89C8-1C6F46FFCB09}.Debug|Any CPU.ActiveCfg = Debug|Any CPU
		{409D36A1-A4CD-4328-89C8-1C6F46FFCB09}.Debug|Any CPU.Build.0 = Debug|Any CPU
		{409D36A1-A4CD-4328-89C8-1C6F46FFCB09}.Debug|Any CPU.Deploy.0 = Debug|Any CPU
		{409D36A1-A4CD-4328-89C8-1C6F46FFCB09}.Debug|iPhone.ActiveCfg = Debug|Any CPU
		{409D36A1-A4CD-4328-89C8-1C6F46FFCB09}.Debug|iPhone.Build.0 = Debug|Any CPU
		{409D36A1-A4CD-4328-89C8-1C6F46FFCB09}.Debug|iPhone.Deploy.0 = Debug|Any CPU
		{409D36A1-A4CD-4328-89C8-1C6F46FFCB09}.Debug|iPhoneSimulator.ActiveCfg = Debug|Any CPU
		{409D36A1-A4CD-4328-89C8-1C6F46FFCB09}.Debug|iPhoneSimulator.Build.0 = Debug|Any CPU
		{409D36A1-A4CD-4328-89C8-1C6F46FFCB09}.Debug|iPhoneSimulator.Deploy.0 = Debug|Any CPU
		{409D36A1-A4CD-4328-89C8-1C6F46FFCB09}.Release|Any CPU.ActiveCfg = Release|Any CPU
		{409D36A1-A4CD-4328-89C8-1C6F46FFCB09}.Release|Any CPU.Build.0 = Release|Any CPU
		{409D36A1-A4CD-4328-89C8-1C6F46FFCB09}.Release|Any CPU.Deploy.0 = Release|Any CPU
		{409D36A1-A4CD-4328-89C8-1C6F46FFCB09}.Release|iPhone.ActiveCfg = Release|Any CPU
		{409D36A1-A4CD-4328-89C8-1C6F46FFCB09}.Release|iPhone.Build.0 = Release|Any CPU
		{409D36A1-A4CD-4328-89C8-1C6F46FFCB09}.Release|iPhone.Deploy.0 = Release|Any CPU
		{409D36A1-A4CD-4328-89C8-1C6F46FFCB09}.Release|iPhoneSimulator.ActiveCfg = Release|Any CPU
		{409D36A1-A4CD-4328-89C8-1C6F46FFCB09}.Release|iPhoneSimulator.Build.0 = Release|Any CPU
		{409D36A1-A4CD-4328-89C8-1C6F46FFCB09}.Release|iPhoneSimulator.Deploy.0 = Release|Any CPU
	EndGlobalSection
	GlobalSection(SolutionProperties) = preSolution
		HideSolutionNode = FALSE
	EndGlobalSection
	GlobalSection(ExtensibilityGlobals) = postSolution
		SolutionGuid = {BA3B90CB-FC7A-4569-8CC4-126855DC03D0}
	EndGlobalSection
EndGlobal
